
Microsoft Visual Studio Solution File, Format Version 12.00
# Visual Studio Version 17
VisualStudioVersion = 17.9.34622.214
MinimumVisualStudioVersion = 10.0.40219.1
Project("{FAE04EC0-301F-11D3-BF4B-00C04F79EFBC}") = "EFNorthwind", "EFNortwind\EFNorthwind.csproj", "{156F7FD2-7D1D-441C-BE01-C8DD7B782859}"
EndProject
Global
	GlobalSection(SolutionConfigurationPlatforms) = preSolution
		Debug|Any CPU = Debug|Any CPU
		Release|Any CPU = Release|Any CPU
	EndGlobalSection
	GlobalSection(ProjectConfigurationPlatforms) = postSolution
		{156F7FD2-7D1D-441C-BE01-C8DD7B782859}.Debug|Any CPU.ActiveCfg = Debug|Any CPU
		{156F7FD2-7D1D-441C-BE01-C8DD7B782859}.Debug|Any CPU.Build.0 = Debug|Any CPU
		{156F7FD2-7D1D-441C-BE01-C8DD7B782859}.Release|Any CPU.ActiveCfg = Release|Any CPU
		{156F7FD2-7D1D-441C-BE01-C8DD7B782859}.Release|Any CPU.Build.0 = Release|Any CPU
	EndGlobalSection
	GlobalSection(SolutionProperties) = preSolution
		HideSolutionNode = FALSE
	EndGlobalSection
	GlobalSection(ExtensibilityGlobals) = postSolution
		SolutionGuid = {E638EEF6-32E9-4321-B3C9-1F8BD7FA200F}
	EndGlobalSection
EndGlobal
